// !$*UTF8*$!
{
	archiveVersion = 1;
	classes = {
	};
	objectVersion = 46;
	objects = {

/* Begin PBXBuildFile section */
		FBC53A911EB4620900497A63 /* main.m in Sources */ = {isa = PBXBuildFile; fileRef = FBC53A901EB4620900497A63 /* main.m */; };
		FBC53A941EB4620900497A63 /* AppDelegate.m in Sources */ = {isa = PBXBuildFile; fileRef = FBC53A931EB4620900497A63 /* AppDelegate.m */; };
		FBC53A971EB4620900497A63 /* ViewController.m in Sources */ = {isa = PBXBuildFile; fileRef = FBC53A961EB4620900497A63 /* ViewController.m */; };
		FBC53A9A1EB4620900497A63 /* Main.storyboard in Resources */ = {isa = PBXBuildFile; fileRef = FBC53A981EB4620900497A63 /* Main.storyboard */; };
		FBC53A9C1EB4620900497A63 /* Assets.xcassets in Resources */ = {isa = PBXBuildFile; fileRef = FBC53A9B1EB4620900497A63 /* Assets.xcassets */; };
		FBC53A9F1EB4620900497A63 /* LaunchScreen.storyboard in Resources */ = {isa = PBXBuildFile; fileRef = FBC53A9D1EB4620900497A63 /* LaunchScreen.storyboard */; };
		FBC53AA81EB4623000497A63 /* Rectangle.m in Sources */ = {isa = PBXBuildFile; fileRef = FBC53AA71EB4623000497A63 /* Rectangle.m */; };
		FBC53B371EB88DE000497A63 /* Square.m in Sources */ = {isa = PBXBuildFile; fileRef = FBC53B361EB88DE000497A63 /* Square.m */; };
		FBC53B3A1EB895E100497A63 /* XYPoint.m in Sources */ = {isa = PBXBuildFile; fileRef = FBC53B391EB895E100497A63 /* XYPoint.m */; };
/* End PBXBuildFile section */

/* Begin PBXFileReference section */
		FBC53A8C1EB4620900497A63 /* Rectangle.app */ = {isa = PBXFileReference; explicitFileType = wrapper.application; includeInIndex = 0; path = Rectangle.app; sourceTree = BUILT_PRODUCTS_DIR; };
		FBC53A901EB4620900497A63 /* main.m */ = {isa = PBXFileReference; lastKnownFileType = sourcecode.c.objc; path = main.m; sourceTree = "<group>"; };
		FBC53A921EB4620900497A63 /* AppDelegate.h */ = {isa = PBXFileReference; lastKnownFileType = sourcecode.c.h; path = AppDelegate.h; sourceTree = "<group>"; };
		FBC53A931EB4620900497A63 /* AppDelegate.m */ = {isa = PBXFileReference; lastKnownFileType = sourcecode.c.objc; path = AppDelegate.m; sourceTree = "<group>"; };
		FBC53A951EB4620900497A63 /* ViewController.h */ = {isa = PBXFileReference; lastKnownFileType = sourcecode.c.h; path = ViewController.h; sourceTree = "<group>"; };
		FBC53A961EB4620900497A63 /* ViewController.m */ = {isa = PBXFileReference; lastKnownFileType = sourcecode.c.objc; path = ViewController.m; sourceTree = "<group>"; };
		FBC53A991EB4620900497A63 /* Base */ = {isa = PBXFileReference; lastKnownFileType = file.storyboard; name = Base; path = Base.lproj/Main.storyboard; sourceTree = "<group>"; };
		FBC53A9B1EB4620900497A63 /* Assets.xcassets */ = {isa = PBXFileReference; lastKnownFileType = folder.assetcatalog; path = Assets.xcassets; sourceTree = "<group>"; };
		FBC53A9E1EB4620900497A63 /* Base */ = {isa = PBXFileReference; lastKnownFileType = file.storyboard; name = Base; path = Base.lproj/LaunchScreen.storyboard; sourceTree = "<group>"; };
		FBC53AA01EB4620900497A63 /* Info.plist */ = {isa = PBXFileReference; lastKnownFileType = text.plist.xml; path = Info.plist; sourceTree = "<group>"; };
		FBC53AA61EB4623000497A63 /* Rectangle.h */ = {isa = PBXFileReference; fileEncoding = 4; lastKnownFileType = sourcecode.c.h; path = Rectangle.h; sourceTree = SOURCE_ROOT; };
		FBC53AA71EB4623000497A63 /* Rectangle.m */ = {isa = PBXFileReference; fileEncoding = 4; lastKnownFileType = sourcecode.c.objc; path = Rectangle.m; sourceTree = SOURCE_ROOT; };
		FBC53B351EB88DE000497A63 /* Square.h */ = {isa = PBXFileReference; fileEncoding = 4; lastKnownFileType = sourcecode.c.h; path = Square.h; sourceTree = "<group>"; };
		FBC53B361EB88DE000497A63 /* Square.m */ = {isa = PBXFileReference; fileEncoding = 4; lastKnownFileType = sourcecode.c.objc; path = Square.m; sourceTree = "<group>"; };
		FBC53B381EB895E100497A63 /* XYPoint.h */ = {isa = PBXFileReference; fileEncoding = 4; lastKnownFileType = sourcecode.c.h; path = XYPoint.h; sourceTree = "<group>"; };
		FBC53B391EB895E100497A63 /* XYPoint.m */ = {isa = PBXFileReference; fileEncoding = 4; lastKnownFileType = sourcecode.c.objc; path = XYPoint.m; sourceTree = "<group>"; };
/* End PBXFileReference section */

/* Begin PBXFrameworksBuildPhase section */
		FBC53A891EB4620900497A63 /* Frameworks */ = {
			isa = PBXFrameworksBuildPhase;
			buildActionMask = 2147483647;
			files = (
			);
			runOnlyForDeploymentPostprocessing = 0;
		};
/* End PBXFrameworksBuildPhase section */

/* Begin PBXGroup section */
		FBC53A831EB4620900497A63 = {
			isa = PBXGroup;
			children = (
				FBC53A8E1EB4620900497A63 /* Rectangle */,
				FBC53A8D1EB4620900497A63 /* Products */,
			);
			sourceTree = "<group>";
		};
		FBC53A8D1EB4620900497A63 /* Products */ = {
			isa = PBXGroup;
			children = (
				FBC53A8C1EB4620900497A63 /* Rectangle.app */,
			);
			name = Products;
			sourceTree = "<group>";
		};
		FBC53A8E1EB4620900497A63 /* Rectangle */ = {
			isa = PBXGroup;
			children = (
				FBC53AA61EB4623000497A63 /* Rectangle.h */,
				FBC53AA71EB4623000497A63 /* Rectangle.m */,
				FBC53B351EB88DE000497A63 /* Square.h */,
				FBC53B361EB88DE000497A63 /* Square.m */,
				FBC53B381EB895E100497A63 /* XYPoint.h */,
				FBC53B391EB895E100497A63 /* XYPoint.m */,
				FBC53A921EB4620900497A63 /* AppDelegate.h */,
				FBC53A931EB4620900497A63 /* AppDelegate.m */,
				FBC53A951EB4620900497A63 /* ViewController.h */,
				FBC53A961EB4620900497A63 /* ViewController.m */,
				FBC53A981EB4620900497A63 /* Main.storyboard */,
				FBC53A9B1EB4620900497A63 /* Assets.xcassets */,
				FBC53A9D1EB4620900497A63 /* LaunchScreen.storyboard */,
				FBC53AA01EB4620900497A63 /* Info.plist */,
				FBC53A8F1EB4620900497A63 /* Supporting Files */,
			);
			path = Rectangle;
			sourceTree = "<group>";
		};
		FBC53A8F1EB4620900497A63 /* Supporting Files */ = {
			isa = PBXGroup;
			children = (
				FBC53A901EB4620900497A63 /* main.m */,
			);
			name = "Supporting Files";
			sourceTree = "<group>";
		};
/* End PBXGroup section */

/* Begin PBXNativeTarget section */
		FBC53A8B1EB4620900497A63 /* Rectangle */ = {
			isa = PBXNativeTarget;
			buildConfigurationList = FBC53AA31EB4620900497A63 /* Build configuration list for PBXNativeTarget "Rectangle" */;
			buildPhases = (
				FBC53A881EB4620900497A63 /* Sources */,
				FBC53A891EB4620900497A63 /* Frameworks */,
				FBC53A8A1EB4620900497A63 /* Resources */,
			);
			buildRules = (
			);
			dependencies = (
			);
			name = Rectangle;
			productName = Rectangle;
			productReference = FBC53A8C1EB4620900497A63 /* Rectangle.app */;
			productType = "com.apple.product-type.application";
		};
/* End PBXNativeTarget section */

/* Begin PBXProject section */
		FBC53A841EB4620900497A63 /* Project object */ = {
			isa = PBXProject;
			attributes = {
				LastUpgradeCheck = 0820;
				ORGANIZATIONNAME = "Vasilii Burenkov";
				TargetAttributes = {
					FBC53A8B1EB4620900497A63 = {
						CreatedOnToolsVersion = 8.2;
						ProvisioningStyle = Automatic;
					};
				};
			};
			buildConfigurationList = FBC53A871EB4620900497A63 /* Build configuration list for PBXProject "Rectangle" */;
			compatibilityVersion = "Xcode 3.2";
			developmentRegion = English;
			hasScannedForEncodings = 0;
			knownRegions = (
				en,
				Base,
			);
			mainGroup = FBC53A831EB4620900497A63;
			productRefGroup = FBC53A8D1EB4620900497A63 /* Products */;
			projectDirPath = "";
			projectRoot = "";
			targets = (
				FBC53A8B1EB4620900497A63 /* Rectangle */,
			);
		};
/* End PBXProject section */

/* Begin PBXResourcesBuildPhase section */
		FBC53A8A1EB4620900497A63 /* Resources */ = {
			isa = PBXResourcesBuildPhase;
			buildActionMask = 2147483647;
			files = (
				FBC53A9F1EB4620900497A63 /* LaunchScreen.storyboard in Resources */,
				FBC53A9C1EB4620900497A63 /* Assets.xcassets in Resources */,
				FBC53A9A1EB4620900497A63 /* Main.storyboard in Resources */,
			);
			runOnlyForDeploymentPostprocessing = 0;
		};
/* End PBXResourcesBuildPhase section */

/* Begin PBXSourcesBuildPhase section */
		FBC53A881EB4620900497A63 /* Sources */ = {
			isa = PBXSourcesBuildPhase;
			buildActionMask = 2147483647;
			files = (
				FBC53A971EB4620900497A63 /* ViewController.m in Sources */,
				FBC53B3A1EB895E100497A63 /* XYPoint.m in Sources */,
				FBC53A941EB4620900497A63 /* AppDelegate.m in Sources */,
				FBC53A911EB4620900497A63 /* main.m in Sources */,
				FBC53B371EB88DE000497A63 /* Square.m in Sources */,
				FBC53AA81EB4623000497A63 /* Rectangle.m in Sources */,
			);
			runOnlyForDeploymentPostprocessing = 0;
		};
/* End PBXSourcesBuildPhase section */

/* Begin PBXVariantGroup section */
		FBC53A981EB4620900497A63 /* Main.storyboard */ = {
			isa = PBXVariantGroup;
			children = (
				FBC53A991EB4620900497A63 /* Base */,
			);
			name = Main.storyboard;
			sourceTree = "<group>";
		};
		FBC53A9D1EB4620900497A63 /* LaunchScreen.storyboard */ = {
			isa = PBXVariantGroup;
			children = (
				FBC53A9E1EB4620900497A63 /* Base */,
			);
			name = LaunchScreen.storyboard;
			sourceTree = "<group>";
		};
/* End PBXVariantGroup section */

/* Begin XCBuildConfiguration section */
		FBC53AA11EB4620900497A63 /* Debug */ = {
			isa = XCBuildConfiguration;
			buildSettings = {
				ALWAYS_SEARCH_USER_PATHS = NO;
				CLANG_ANALYZER_NONNULL = YES;
				CLANG_CXX_LANGUAGE_STANDARD = "gnu++0x";
				CLANG_CXX_LIBRARY = "libc++";
				CLANG_ENABLE_MODULES = YES;
				CLANG_ENABLE_OBJC_ARC = YES;
				CLANG_WARN_BOOL_CONVERSION = YES;
				CLANG_WARN_CONSTANT_CONVERSION = YES;
				CLANG_WARN_DIRECT_OBJC_ISA_USAGE = YES_ERROR;
				CLANG_WARN_DOCUMENTATION_COMMENTS = YES;
				CLANG_WARN_EMPTY_BODY = YES;
				CLANG_WARN_ENUM_CONVERSION = YES;
				CLANG_WARN_INFINITE_RECURSION = YES;
				CLANG_WARN_INT_CONVERSION = YES;
				CLANG_WARN_OBJC_ROOT_CLASS = YES_ERROR;
				CLANG_WARN_SUSPICIOUS_MOVE = YES;
				CLANG_WARN_UNREACHABLE_CODE = YES;
				CLANG_WARN__DUPLICATE_METHOD_MATCH = YES;
				"CODE_SIGN_IDENTITY[sdk=iphoneos*]" = "iPhone Developer";
				COPY_PHASE_STRIP = NO;
				DEBUG_INFORMATION_FORMAT = dwarf;
				ENABLE_STRICT_OBJC_MSGSEND = YES;
				ENABLE_TESTABILITY = YES;
				GCC_C_LANGUAGE_STANDARD = gnu99;
				GCC_DYNAMIC_NO_PIC = NO;
				GCC_NO_COMMON_BLOCKS = YES;
				GCC_OPTIMIZATION_LEVEL = 0;
				GCC_PREPROCESSOR_DEFINITIONS = (
					"DEBUG=1",
					"$(inherited)",
				);
				GCC_WARN_64_TO_32_BIT_CONVERSION = YES;
				GCC_WARN_ABOUT_RETURN_TYPE = YES_ERROR;
				GCC_WARN_UNDECLARED_SELECTOR = YES;
				GCC_WARN_UNINITIALIZED_AUTOS = YES_AGGRESSIVE;
				GCC_WARN_UNUSED_FUNCTION = YES;
				GCC_WARN_UNUSED_VARIABLE = YES;
				IPHONEOS_DEPLOYMENT_TARGET = 10.2;
				MTL_ENABLE_DEBUG_INFO = YES;
				ONLY_ACTIVE_ARCH = YES;
				SDKROOT = iphoneos;
				TARGETED_DEVICE_FAMILY = "1,2";
			};
			name = Debug;
		};
		FBC53AA21EB4620900497A63 /* Release */ = {
			isa = XCBuildConfiguration;
			buildSettings = {
				ALWAYS_SEARCH_USER_PATHS = NO;
				CLANG_ANALYZER_NONNULL = YES;
				CLANG_CXX_LANGUAGE_STANDARD = "gnu++0x";
				CLANG_CXX_LIBRARY = "libc++";
				CLANG_ENABLE_MODULES = YES;
				CLANG_ENABLE_OBJC_ARC = YES;
				CLANG_WARN_BOOL_CONVERSION = YES;
				CLANG_WARN_CONSTANT_CONVERSION = YES;
				CLANG_WARN_DIRECT_OBJC_ISA_USAGE = YES_ERROR;
				CLANG_WARN_DOCUMENTATION_COMMENTS = YES;
				CLANG_WARN_EMPTY_BODY = YES;
				CLANG_WARN_ENUM_CONVERSION = YES;
				CLANG_WARN_INFINITE_RECURSION = YES;
				CLANG_WARN_INT_CONVERSION = YES;
				CLANG_WARN_OBJC_ROOT_CLASS = YES_ERROR;
				CLANG_WARN_SUSPICIOUS_MOVE = YES;
				CLANG_WARN_UNREACHABLE_CODE = YES;
				CLANG_WARN__DUPLICATE_METHOD_MATCH = YES;
				"CODE_SIGN_IDENTITY[sdk=iphoneos*]" = "iPhone Developer";
				COPY_PHASE_STRIP = NO;
				DEBUG_INFORMATION_FORMAT = "dwarf-with-dsym";
				ENABLE_NS_ASSERTIONS = NO;
				ENABLE_STRICT_OBJC_MSGSEND = YES;
				GCC_C_LANGUAGE_STANDARD = gnu99;
				GCC_NO_COMMON_BLOCKS = YES;
				GCC_WARN_64_TO_32_BIT_CONVERSION = YES;
				GCC_WARN_ABOUT_RETURN_TYPE = YES_ERROR;
				GCC_WARN_UNDECLARED_SELECTOR = YES;
				GCC_WARN_UNINITIALIZED_AUTOS = YES_AGGRESSIVE;
				GCC_WARN_UNUSED_FUNCTION = YES;
				GCC_WARN_UNUSED_VARIABLE = YES;
				IPHONEOS_DEPLOYMENT_TARGET = 10.2;
				MTL_ENABLE_DEBUG_INFO = NO;
				SDKROOT = iphoneos;
				TARGETED_DEVICE_FAMILY = "1,2";
				VALIDATE_PRODUCT = YES;
			};
			name = Release;
		};
		FBC53AA41EB4620900497A63 /* Debug */ = {
			isa = XCBuildConfiguration;
			buildSettings = {
				ASSETCATALOG_COMPILER_APPICON_NAME = AppIcon;
				INFOPLIST_FILE = Rectangle/Info.plist;
				LD_RUNPATH_SEARCH_PATHS = "$(inherited) @executable_path/Frameworks";
				PRODUCT_BUNDLE_IDENTIFIER = com.burenkov.Rectangle;
				PRODUCT_NAME = "$(TARGET_NAME)";
			};
			name = Debug;
		};
		FBC53AA51EB4620900497A63 /* Release */ = {
			isa = XCBuildConfiguration;
			buildSettings = {
				ASSETCATALOG_COMPILER_APPICON_NAME = AppIcon;
				INFOPLIST_FILE = Rectangle/Info.plist;
				LD_RUNPATH_SEARCH_PATHS = "$(inherited) @executable_path/Frameworks";
				PRODUCT_BUNDLE_IDENTIFIER = com.burenkov.Rectangle;
				PRODUCT_NAME = "$(TARGET_NAME)";
			};
			name = Release;
		};
/* End XCBuildConfiguration section */

/* Begin XCConfigurationList section */
		FBC53A871EB4620900497A63 /* Build configuration list for PBXProject "Rectangle" */ = {
			isa = XCConfigurationList;
			buildConfigurations = (
				FBC53AA11EB4620900497A63 /* Debug */,
				FBC53AA21EB4620900497A63 /* Release */,
			);
			defaultConfigurationIsVisible = 0;
			defaultConfigurationName = Release;
		};
		FBC53AA31EB4620900497A63 /* Build configuration list for PBXNativeTarget "Rectangle" */ = {
			isa = XCConfigurationList;
			buildConfigurations = (
				FBC53AA41EB4620900497A63 /* Debug */,
				FBC53AA51EB4620900497A63 /* Release */,
			);
			defaultConfigurationIsVisible = 0;
			defaultConfigurationName = Release;
		};
/* End XCConfigurationList section */
	};
	rootObject = FBC53A841EB4620900497A63 /* Project object */;
}
